
Microsoft Visual Studio Solution File, Format Version 12.00
# Visual Studio Version 16
VisualStudioVersion = 16.0.30717.126
MinimumVisualStudioVersion = 10.0.40219.1
Project("{FAE04EC0-301F-11D3-BF4B-00C04F79EFBC}") = "Mikypedia", "Mikypedia.csproj", "{0CCF37C2-53BA-4B28-A737-CF1CBFF90E4F}"
EndProject
Global
	GlobalSection(SolutionConfigurationPlatforms) = preSolution
		Debug|Any CPU = Debug|Any CPU
		Release|Any CPU = Release|Any CPU
	EndGlobalSection
	GlobalSection(ProjectConfigurationPlatforms) = postSolution
		{0CCF37C2-53BA-4B28-A737-CF1CBFF90E4F}.Debug|Any CPU.ActiveCfg = Debug|Any CPU
		{0CCF37C2-53BA-4B28-A737-CF1CBFF90E4F}.Debug|Any CPU.Build.0 = Debug|Any CPU
		{0CCF37C2-53BA-4B28-A737-CF1CBFF90E4F}.Release|Any CPU.ActiveCfg = Release|Any CPU
		{0CCF37C2-53BA-4B28-A737-CF1CBFF90E4F}.Release|Any CPU.Build.0 = Release|Any CPU
	EndGlobalSection
	GlobalSection(SolutionProperties) = preSolution
		HideSolutionNode = FALSE
	EndGlobalSection
	GlobalSection(ExtensibilityGlobals) = postSolution
		SolutionGuid = {3E5EA286-8519-4A4B-810C-71FDD5C457A2}
	EndGlobalSection
EndGlobal
